
Microsoft Visual Studio Solution File, Format Version 12.00
# Visual Studio Version 16
VisualStudioVersion = 16.0.30330.147
MinimumVisualStudioVersion = 10.0.40219.1
Project("{9A19103F-16F7-4668-BE54-9A1E7A4F7556}") = "Ej_43", "Ej_43\Ej_43.csproj", "{59A4D678-584E-4726-A38A-DAF85CD59A2E}"
EndProject
Project("{9A19103F-16F7-4668-BE54-9A1E7A4F7556}") = "Ej_44", "Ej_44\Ej_44.csproj", "{67EE0ABE-96C2-4C34-890A-B7EE83D3305D}"
EndProject
Project("{9A19103F-16F7-4668-BE54-9A1E7A4F7556}") = "Ej_45", "Ej_45\Ej_45.csproj", "{3C66566F-FA32-4EB3-B208-7C3A4372086C}"
EndProject
Project("{9A19103F-16F7-4668-BE54-9A1E7A4F7556}") = "Matrices_Ej1", "Matrices_Ej1\Matrices_Ej1.csproj", "{AC0422ED-4ED6-4658-95BB-BDFF410C3632}"
EndProject
Project("{9A19103F-16F7-4668-BE54-9A1E7A4F7556}") = "Matrices_Ej2", "Ej_2Matrices\Matrices_Ej2.csproj", "{200A4DF6-8EA4-4F87-9497-F1A26E209FEA}"
EndProject
Project("{9A19103F-16F7-4668-BE54-9A1E7A4F7556}") = "Matrices_EJ3", "Matricez_EJ3\Matrices_EJ3.csproj", "{97443B91-E218-458D-AB73-9338B629DA91}"
EndProject
Project("{9A19103F-16F7-4668-BE54-9A1E7A4F7556}") = "Matrices_Ej4", "Matricez_Ej4\Matrices_Ej4.csproj", "{E20C8F8D-8336-4CDB-BC14-4BCF851F702A}"
EndProject
Project("{9A19103F-16F7-4668-BE54-9A1E7A4F7556}") = "Matrices_Ej5", "Matrices_Ej5\Matrices_Ej5.csproj", "{E0FB4279-128C-4BD7-9745-22114D0BBEF5}"
EndProject
Project("{9A19103F-16F7-4668-BE54-9A1E7A4F7556}") = "Ej_39", "Ej_39\Ej_39.csproj", "{94E197D3-702A-4F25-9489-A2B98A002709}"
EndProject
Project("{9A19103F-16F7-4668-BE54-9A1E7A4F7556}") = "Ej_", "Ej_\Ej_.csproj", "{7F5EACCF-639F-4FD1-9EF3-8897B2DE63C8}"
EndProject
Project("{9A19103F-16F7-4668-BE54-9A1E7A4F7556}") = "Ej_40", "Ej_40\Ej_40.csproj", "{2D68C550-3C37-4F5A-803B-FE98D51868CE}"
EndProject
Global
	GlobalSection(SolutionConfigurationPlatforms) = preSolution
		Debug|Any CPU = Debug|Any CPU
		Release|Any CPU = Release|Any CPU
	EndGlobalSection
	GlobalSection(ProjectConfigurationPlatforms) = postSolution
		{59A4D678-584E-4726-A38A-DAF85CD59A2E}.Debug|Any CPU.ActiveCfg = Debug|Any CPU
		{59A4D678-584E-4726-A38A-DAF85CD59A2E}.Debug|Any CPU.Build.0 = Debug|Any CPU
		{59A4D678-584E-4726-A38A-DAF85CD59A2E}.Release|Any CPU.ActiveCfg = Release|Any CPU
		{59A4D678-584E-4726-A38A-DAF85CD59A2E}.Release|Any CPU.Build.0 = Release|Any CPU
		{67EE0ABE-96C2-4C34-890A-B7EE83D3305D}.Debug|Any CPU.ActiveCfg = Debug|Any CPU
		{67EE0ABE-96C2-4C34-890A-B7EE83D3305D}.Debug|Any CPU.Build.0 = Debug|Any CPU
		{67EE0ABE-96C2-4C34-890A-B7EE83D3305D}.Release|Any CPU.ActiveCfg = Release|Any CPU
		{67EE0ABE-96C2-4C34-890A-B7EE83D3305D}.Release|Any CPU.Build.0 = Release|Any CPU
		{3C66566F-FA32-4EB3-B208-7C3A4372086C}.Debug|Any CPU.ActiveCfg = Debug|Any CPU
		{3C66566F-FA32-4EB3-B208-7C3A4372086C}.Debug|Any CPU.Build.0 = Debug|Any CPU
		{3C66566F-FA32-4EB3-B208-7C3A4372086C}.Release|Any CPU.ActiveCfg = Release|Any CPU
		{3C66566F-FA32-4EB3-B208-7C3A4372086C}.Release|Any CPU.Build.0 = Release|Any CPU
		{AC0422ED-4ED6-4658-95BB-BDFF410C3632}.Debug|Any CPU.ActiveCfg = Debug|Any CPU
		{AC0422ED-4ED6-4658-95BB-BDFF410C3632}.Debug|Any CPU.Build.0 = Debug|Any CPU
		{AC0422ED-4ED6-4658-95BB-BDFF410C3632}.Release|Any CPU.ActiveCfg = Release|Any CPU
		{AC0422ED-4ED6-4658-95BB-BDFF410C3632}.Release|Any CPU.Build.0 = Release|Any CPU
		{200A4DF6-8EA4-4F87-9497-F1A26E209FEA}.Debug|Any CPU.ActiveCfg = Debug|Any CPU
		{200A4DF6-8EA4-4F87-9497-F1A26E209FEA}.Debug|Any CPU.Build.0 = Debug|Any CPU
		{200A4DF6-8EA4-4F87-9497-F1A26E209FEA}.Release|Any CPU.ActiveCfg = Release|Any CPU
		{200A4DF6-8EA4-4F87-9497-F1A26E209FEA}.Release|Any CPU.Build.0 = Release|Any CPU
		{97443B91-E218-458D-AB73-9338B629DA91}.Debug|Any CPU.ActiveCfg = Debug|Any CPU
		{97443B91-E218-458D-AB73-9338B629DA91}.Debug|Any CPU.Build.0 = Debug|Any CPU
		{97443B91-E218-458D-AB73-9338B629DA91}.Release|Any CPU.ActiveCfg = Release|Any CPU
		{97443B91-E218-458D-AB73-9338B629DA91}.Release|Any CPU.Build.0 = Release|Any CPU
		{E20C8F8D-8336-4CDB-BC14-4BCF851F702A}.Debug|Any CPU.ActiveCfg = Debug|Any CPU
		{E20C8F8D-8336-4CDB-BC14-4BCF851F702A}.Debug|Any CPU.Build.0 = Debug|Any CPU
		{E20C8F8D-8336-4CDB-BC14-4BCF851F702A}.Release|Any CPU.ActiveCfg = Release|Any CPU
		{E20C8F8D-8336-4CDB-BC14-4BCF851F702A}.Release|Any CPU.Build.0 = Release|Any CPU
		{E0FB4279-128C-4BD7-9745-22114D0BBEF5}.Debug|Any CPU.ActiveCfg = Debug|Any CPU
		{E0FB4279-128C-4BD7-9745-22114D0BBEF5}.Debug|Any CPU.Build.0 = Debug|Any CPU
		{E0FB4279-128C-4BD7-9745-22114D0BBEF5}.Release|Any CPU.ActiveCfg = Release|Any CPU
		{E0FB4279-128C-4BD7-9745-22114D0BBEF5}.Release|Any CPU.Build.0 = Release|Any CPU
		{94E197D3-702A-4F25-9489-A2B98A002709}.Debug|Any CPU.ActiveCfg = Debug|Any CPU
		{94E197D3-702A-4F25-9489-A2B98A002709}.Debug|Any CPU.Build.0 = Debug|Any CPU
		{94E197D3-702A-4F25-9489-A2B98A002709}.Release|Any CPU.ActiveCfg = Release|Any CPU
		{94E197D3-702A-4F25-9489-A2B98A002709}.Release|Any CPU.Build.0 = Release|Any CPU
		{7F5EACCF-639F-4FD1-9EF3-8897B2DE63C8}.Debug|Any CPU.ActiveCfg = Debug|Any CPU
		{7F5EACCF-639F-4FD1-9EF3-8897B2DE63C8}.Debug|Any CPU.Build.0 = Debug|Any CPU
		{7F5EACCF-639F-4FD1-9EF3-8897B2DE63C8}.Release|Any CPU.ActiveCfg = Release|Any CPU
		{7F5EACCF-639F-4FD1-9EF3-8897B2DE63C8}.Release|Any CPU.Build.0 = Release|Any CPU
		{2D68C550-3C37-4F5A-803B-FE98D51868CE}.Debug|Any CPU.ActiveCfg = Debug|Any CPU
		{2D68C550-3C37-4F5A-803B-FE98D51868CE}.Debug|Any CPU.Build.0 = Debug|Any CPU
		{2D68C550-3C37-4F5A-803B-FE98D51868CE}.Release|Any CPU.ActiveCfg = Release|Any CPU
		{2D68C550-3C37-4F5A-803B-FE98D51868CE}.Release|Any CPU.Build.0 = Release|Any CPU
	EndGlobalSection
	GlobalSection(SolutionProperties) = preSolution
		HideSolutionNode = FALSE
	EndGlobalSection
	GlobalSection(ExtensibilityGlobals) = postSolution
		SolutionGuid = {883166C9-AE37-4D1B-A9F6-9F046929A2F3}
	EndGlobalSection
EndGlobal
